
Microsoft Visual Studio Solution File, Format Version 12.00
# Visual Studio Version 17
VisualStudioVersion = 17.8.34511.84
MinimumVisualStudioVersion = 10.0.40219.1
Project("{FAE04EC0-301F-11D3-BF4B-00C04F79EFBC}") = "CentralConfig", "CentralConfig\CentralConfig.csproj", "{DCE138F0-549D-47B9-82A7-14BF1CF9BED3}"
EndProject
Global
	GlobalSection(SolutionConfigurationPlatforms) = preSolution
		Debug|Any CPU = Debug|Any CPU
		Release|Any CPU = Release|Any CPU
	EndGlobalSection
	GlobalSection(ProjectConfigurationPlatforms) = postSolution
		{DCE138F0-549D-47B9-82A7-14BF1CF9BED3}.Debug|Any CPU.ActiveCfg = Debug|Any CPU
		{DCE138F0-549D-47B9-82A7-14BF1CF9BED3}.Debug|Any CPU.Build.0 = Debug|Any CPU
		{DCE138F0-549D-47B9-82A7-14BF1CF9BED3}.Release|Any CPU.ActiveCfg = Release|Any CPU
		{DCE138F0-549D-47B9-82A7-14BF1CF9BED3}.Release|Any CPU.Build.0 = Release|Any CPU
	EndGlobalSection
	GlobalSection(SolutionProperties) = preSolution
		HideSolutionNode = FALSE
	EndGlobalSection
	GlobalSection(ExtensibilityGlobals) = postSolution
		SolutionGuid = {14F17993-A8DF-4083-99F7-97B99BCE4983}
	EndGlobalSection
EndGlobal
